
Microsoft Visual Studio Solution File, Format Version 12.00
# Visual Studio Version 16
VisualStudioVersion = 16.0.29424.173
MinimumVisualStudioVersion = 10.0.40219.1
Project("{FAE04EC0-301F-11D3-BF4B-00C04F79EFBC}") = "HashTable", "HashTable\HashTable.csproj", "{7694156B-0B77-4237-AB7B-35F0968A95C9}"
EndProject
Project("{FAE04EC0-301F-11D3-BF4B-00C04F79EFBC}") = "HashTable.Tests", "HashTable.Tests\HashTable.Tests.csproj", "{89BB6077-3BE5-4A83-A2B5-9C95A175F7B7}"
EndProject
Global
	GlobalSection(SolutionConfigurationPlatforms) = preSolution
		Debug|Any CPU = Debug|Any CPU
		Release|Any CPU = Release|Any CPU
	EndGlobalSection
	GlobalSection(ProjectConfigurationPlatforms) = postSolution
		{7694156B-0B77-4237-AB7B-35F0968A95C9}.Debug|Any CPU.ActiveCfg = Debug|Any CPU
		{7694156B-0B77-4237-AB7B-35F0968A95C9}.Debug|Any CPU.Build.0 = Debug|Any CPU
		{7694156B-0B77-4237-AB7B-35F0968A95C9}.Release|Any CPU.ActiveCfg = Release|Any CPU
		{7694156B-0B77-4237-AB7B-35F0968A95C9}.Release|Any CPU.Build.0 = Release|Any CPU
		{89BB6077-3BE5-4A83-A2B5-9C95A175F7B7}.Debug|Any CPU.ActiveCfg = Debug|Any CPU
		{89BB6077-3BE5-4A83-A2B5-9C95A175F7B7}.Debug|Any CPU.Build.0 = Debug|Any CPU
		{89BB6077-3BE5-4A83-A2B5-9C95A175F7B7}.Release|Any CPU.ActiveCfg = Release|Any CPU
		{89BB6077-3BE5-4A83-A2B5-9C95A175F7B7}.Release|Any CPU.Build.0 = Release|Any CPU
	EndGlobalSection
	GlobalSection(SolutionProperties) = preSolution
		HideSolutionNode = FALSE
	EndGlobalSection
	GlobalSection(ExtensibilityGlobals) = postSolution
		SolutionGuid = {E16813B3-B5F5-4F60-BB9A-CE986D216E72}
	EndGlobalSection
EndGlobal
